
Microsoft Visual Studio Solution File, Format Version 12.00
# Visual Studio Version 16
VisualStudioVersion = 16.0.32126.315
MinimumVisualStudioVersion = 10.0.40219.1
Project("{FAE04EC0-301F-11D3-BF4B-00C04F79EFBC}") = "SistemaSionF1", "SistemaSionF1\SistemaSionF1.csproj", "{1C58AD13-C338-4AF7-A504-8537EAEA1FFC}"
EndProject
Global
	GlobalSection(SolutionConfigurationPlatforms) = preSolution
		Debug|Any CPU = Debug|Any CPU
		Release|Any CPU = Release|Any CPU
	EndGlobalSection
	GlobalSection(ProjectConfigurationPlatforms) = postSolution
		{1C58AD13-C338-4AF7-A504-8537EAEA1FFC}.Debug|Any CPU.ActiveCfg = Debug|Any CPU
		{1C58AD13-C338-4AF7-A504-8537EAEA1FFC}.Debug|Any CPU.Build.0 = Debug|Any CPU
		{1C58AD13-C338-4AF7-A504-8537EAEA1FFC}.Release|Any CPU.ActiveCfg = Release|Any CPU
		{1C58AD13-C338-4AF7-A504-8537EAEA1FFC}.Release|Any CPU.Build.0 = Release|Any CPU
	EndGlobalSection
	GlobalSection(SolutionProperties) = preSolution
		HideSolutionNode = FALSE
	EndGlobalSection
	GlobalSection(ExtensibilityGlobals) = postSolution
		SolutionGuid = {AF46F532-8084-4672-9CF5-789FC3FE8357}
	EndGlobalSection
EndGlobal
